
Microsoft Visual Studio Solution File, Format Version 12.00
# Visual Studio Version 16
VisualStudioVersion = 16.0.28803.352
MinimumVisualStudioVersion = 10.0.40219.1
Project("{FAE04EC0-301F-11D3-BF4B-00C04F79EFBC}") = "TelephoneApp", "TelephoneApp\TelephoneApp.csproj", "{88AFF5B8-3979-4DF1-A1D7-F4FD004D928C}"
EndProject
Project("{FAE04EC0-301F-11D3-BF4B-00C04F79EFBC}") = "CarApp", "CarApp\CarApp.csproj", "{F9F27BBD-A11D-42B5-BD91-3EF1B3134643}"
EndProject
Project("{FAE04EC0-301F-11D3-BF4B-00C04F79EFBC}") = "ComputerApp", "ComputerApp\ComputerApp.csproj", "{F43CD33E-C594-4836-9B29-33B10E824E21}"
EndProject
Project("{FAE04EC0-301F-11D3-BF4B-00C04F79EFBC}") = "DialogWindowApp", "DialogWindowApp\DialogWindowApp.csproj", "{3DD51951-325B-4D49-B2FA-2F1CEA160277}"
EndProject
Project("{FAE04EC0-301F-11D3-BF4B-00C04F79EFBC}") = "PrinterApp", "PrinterApp\PrinterApp.csproj", "{B3E061DD-3874-4192-B4C4-FFBB57C4FEA5}"
EndProject
Project("{FAE04EC0-301F-11D3-BF4B-00C04F79EFBC}") = "PrototypePattern", "PrototypePattern\PrototypePattern.csproj", "{D35E87E6-08BB-4373-820F-77884FFAD2DA}"
EndProject
Project("{FAE04EC0-301F-11D3-BF4B-00C04F79EFBC}") = "SingletonPattern", "SingletonPattern\SingletonPattern.csproj", "{3B9F2AEC-0829-4F3A-AE6F-4940DCA41C10}"
EndProject
Global
	GlobalSection(SolutionConfigurationPlatforms) = preSolution
		Debug|Any CPU = Debug|Any CPU
		Release|Any CPU = Release|Any CPU
	EndGlobalSection
	GlobalSection(ProjectConfigurationPlatforms) = postSolution
		{88AFF5B8-3979-4DF1-A1D7-F4FD004D928C}.Debug|Any CPU.ActiveCfg = Debug|Any CPU
		{88AFF5B8-3979-4DF1-A1D7-F4FD004D928C}.Debug|Any CPU.Build.0 = Debug|Any CPU
		{88AFF5B8-3979-4DF1-A1D7-F4FD004D928C}.Release|Any CPU.ActiveCfg = Release|Any CPU
		{88AFF5B8-3979-4DF1-A1D7-F4FD004D928C}.Release|Any CPU.Build.0 = Release|Any CPU
		{F9F27BBD-A11D-42B5-BD91-3EF1B3134643}.Debug|Any CPU.ActiveCfg = Debug|Any CPU
		{F9F27BBD-A11D-42B5-BD91-3EF1B3134643}.Debug|Any CPU.Build.0 = Debug|Any CPU
		{F9F27BBD-A11D-42B5-BD91-3EF1B3134643}.Release|Any CPU.ActiveCfg = Release|Any CPU
		{F9F27BBD-A11D-42B5-BD91-3EF1B3134643}.Release|Any CPU.Build.0 = Release|Any CPU
		{F43CD33E-C594-4836-9B29-33B10E824E21}.Debug|Any CPU.ActiveCfg = Debug|Any CPU
		{F43CD33E-C594-4836-9B29-33B10E824E21}.Debug|Any CPU.Build.0 = Debug|Any CPU
		{F43CD33E-C594-4836-9B29-33B10E824E21}.Release|Any CPU.ActiveCfg = Release|Any CPU
		{F43CD33E-C594-4836-9B29-33B10E824E21}.Release|Any CPU.Build.0 = Release|Any CPU
		{3DD51951-325B-4D49-B2FA-2F1CEA160277}.Debug|Any CPU.ActiveCfg = Debug|Any CPU
		{3DD51951-325B-4D49-B2FA-2F1CEA160277}.Debug|Any CPU.Build.0 = Debug|Any CPU
		{3DD51951-325B-4D49-B2FA-2F1CEA160277}.Release|Any CPU.ActiveCfg = Release|Any CPU
		{3DD51951-325B-4D49-B2FA-2F1CEA160277}.Release|Any CPU.Build.0 = Release|Any CPU
		{B3E061DD-3874-4192-B4C4-FFBB57C4FEA5}.Debug|Any CPU.ActiveCfg = Debug|Any CPU
		{B3E061DD-3874-4192-B4C4-FFBB57C4FEA5}.Debug|Any CPU.Build.0 = Debug|Any CPU
		{B3E061DD-3874-4192-B4C4-FFBB57C4FEA5}.Release|Any CPU.ActiveCfg = Release|Any CPU
		{B3E061DD-3874-4192-B4C4-FFBB57C4FEA5}.Release|Any CPU.Build.0 = Release|Any CPU
		{D35E87E6-08BB-4373-820F-77884FFAD2DA}.Debug|Any CPU.ActiveCfg = Debug|Any CPU
		{D35E87E6-08BB-4373-820F-77884FFAD2DA}.Debug|Any CPU.Build.0 = Debug|Any CPU
		{D35E87E6-08BB-4373-820F-77884FFAD2DA}.Release|Any CPU.ActiveCfg = Release|Any CPU
		{D35E87E6-08BB-4373-820F-77884FFAD2DA}.Release|Any CPU.Build.0 = Release|Any CPU
		{3B9F2AEC-0829-4F3A-AE6F-4940DCA41C10}.Debug|Any CPU.ActiveCfg = Debug|Any CPU
		{3B9F2AEC-0829-4F3A-AE6F-4940DCA41C10}.Debug|Any CPU.Build.0 = Debug|Any CPU
		{3B9F2AEC-0829-4F3A-AE6F-4940DCA41C10}.Release|Any CPU.ActiveCfg = Release|Any CPU
		{3B9F2AEC-0829-4F3A-AE6F-4940DCA41C10}.Release|Any CPU.Build.0 = Release|Any CPU
	EndGlobalSection
	GlobalSection(SolutionProperties) = preSolution
		HideSolutionNode = FALSE
	EndGlobalSection
	GlobalSection(ExtensibilityGlobals) = postSolution
		SolutionGuid = {5816E18C-55B2-4064-A104-C41C64A0D19E}
	EndGlobalSection
EndGlobal
